// !$*UTF8*$!
{
	archiveVersion = 1;
	classes = {
	};
	objectVersion = 52;
	objects = {

/* Begin PBXBuildFile section */
		18740A3124435BAA00A16F35 /* AppDelegate.swift in Sources */ = {isa = PBXBuildFile; fileRef = 18740A3024435BAA00A16F35 /* AppDelegate.swift */; };
		18740A3324435BAA00A16F35 /* SceneDelegate.swift in Sources */ = {isa = PBXBuildFile; fileRef = 18740A3224435BAA00A16F35 /* SceneDelegate.swift */; };
		18740A3524435BAA00A16F35 /* ContentView.swift in Sources */ = {isa = PBXBuildFile; fileRef = 18740A3424435BAA00A16F35 /* ContentView.swift */; };
		18740A3724435BAC00A16F35 /* Assets.xcassets in Resources */ = {isa = PBXBuildFile; fileRef = 18740A3624435BAC00A16F35 /* Assets.xcassets */; };
		18740A3A24435BAC00A16F35 /* Preview Assets.xcassets in Resources */ = {isa = PBXBuildFile; fileRef = 18740A3924435BAC00A16F35 /* Preview Assets.xcassets */; };
		18740A3D24435BAC00A16F35 /* LaunchScreen.storyboard in Resources */ = {isa = PBXBuildFile; fileRef = 18740A3B24435BAC00A16F35 /* LaunchScreen.storyboard */; };
		18740A4824435BAC00A16F35 /* UITestingAndExamplesUITests.swift in Sources */ = {isa = PBXBuildFile; fileRef = 18740A4724435BAC00A16F35 /* UITestingAndExamplesUITests.swift */; };
		18740A5424435C7B00A16F35 /* EmptyState in Frameworks */ = {isa = PBXBuildFile; productRef = 18740A5324435C7B00A16F35 /* EmptyState */; };
/* End PBXBuildFile section */

/* Begin PBXContainerItemProxy section */
		18740A4424435BAC00A16F35 /* PBXContainerItemProxy */ = {
			isa = PBXContainerItemProxy;
			containerPortal = 18740A2524435BAA00A16F35 /* Project object */;
			proxyType = 1;
			remoteGlobalIDString = 18740A2C24435BAA00A16F35;
			remoteInfo = UITestingAndExamples;
		};
/* End PBXContainerItemProxy section */

/* Begin PBXFileReference section */
		18740A2D24435BAA00A16F35 /* UITestingAndExamples.app */ = {isa = PBXFileReference; explicitFileType = wrapper.application; includeInIndex = 0; path = UITestingAndExamples.app; sourceTree = BUILT_PRODUCTS_DIR; };
		18740A3024435BAA00A16F35 /* AppDelegate.swift */ = {isa = PBXFileReference; lastKnownFileType = sourcecode.swift; path = AppDelegate.swift; sourceTree = "<group>"; };
		18740A3224435BAA00A16F35 /* SceneDelegate.swift */ = {isa = PBXFileReference; lastKnownFileType = sourcecode.swift; path = SceneDelegate.swift; sourceTree = "<group>"; };
		18740A3424435BAA00A16F35 /* ContentView.swift */ = {isa = PBXFileReference; lastKnownFileType = sourcecode.swift; path = ContentView.swift; sourceTree = "<group>"; };
		18740A3624435BAC00A16F35 /* Assets.xcassets */ = {isa = PBXFileReference; lastKnownFileType = folder.assetcatalog; path = Assets.xcassets; sourceTree = "<group>"; };
		18740A3924435BAC00A16F35 /* Preview Assets.xcassets */ = {isa = PBXFileReference; lastKnownFileType = folder.assetcatalog; path = "Preview Assets.xcassets"; sourceTree = "<group>"; };
		18740A3C24435BAC00A16F35 /* Base */ = {isa = PBXFileReference; lastKnownFileType = file.storyboard; name = Base; path = Base.lproj/LaunchScreen.storyboard; sourceTree = "<group>"; };
		18740A3E24435BAC00A16F35 /* Info.plist */ = {isa = PBXFileReference; lastKnownFileType = text.plist.xml; path = Info.plist; sourceTree = "<group>"; };
		18740A4324435BAC00A16F35 /* UITestingAndExamplesUITests.xctest */ = {isa = PBXFileReference; explicitFileType = wrapper.cfbundle; includeInIndex = 0; path = UITestingAndExamplesUITests.xctest; sourceTree = BUILT_PRODUCTS_DIR; };
		18740A4724435BAC00A16F35 /* UITestingAndExamplesUITests.swift */ = {isa = PBXFileReference; lastKnownFileType = sourcecode.swift; path = UITestingAndExamplesUITests.swift; sourceTree = "<group>"; };
		18740A4924435BAC00A16F35 /* Info.plist */ = {isa = PBXFileReference; lastKnownFileType = text.plist.xml; path = Info.plist; sourceTree = "<group>"; };
/* End PBXFileReference section */

/* Begin PBXFrameworksBuildPhase section */
		18740A2A24435BAA00A16F35 /* Frameworks */ = {
			isa = PBXFrameworksBuildPhase;
			buildActionMask = 2147483647;
			files = (
				18740A5424435C7B00A16F35 /* EmptyState in Frameworks */,
			);
			runOnlyForDeploymentPostprocessing = 0;
		};
		18740A4024435BAC00A16F35 /* Frameworks */ = {
			isa = PBXFrameworksBuildPhase;
			buildActionMask = 2147483647;
			files = (
			);
			runOnlyForDeploymentPostprocessing = 0;
		};
/* End PBXFrameworksBuildPhase section */

/* Begin PBXGroup section */
		18740A2424435BAA00A16F35 = {
			isa = PBXGroup;
			children = (
				18740A2F24435BAA00A16F35 /* UITestingAndExamples */,
				18740A4624435BAC00A16F35 /* UITestingAndExamplesUITests */,
				18740A2E24435BAA00A16F35 /* Products */,
			);
			sourceTree = "<group>";
		};
		18740A2E24435BAA00A16F35 /* Products */ = {
			isa = PBXGroup;
			children = (
				18740A2D24435BAA00A16F35 /* UITestingAndExamples.app */,
				18740A4324435BAC00A16F35 /* UITestingAndExamplesUITests.xctest */,
			);
			name = Products;
			sourceTree = "<group>";
		};
		18740A2F24435BAA00A16F35 /* UITestingAndExamples */ = {
			isa = PBXGroup;
			children = (
				18740A3024435BAA00A16F35 /* AppDelegate.swift */,
				18740A3224435BAA00A16F35 /* SceneDelegate.swift */,
				18740A3424435BAA00A16F35 /* ContentView.swift */,
				18740A3624435BAC00A16F35 /* Assets.xcassets */,
				18740A3B24435BAC00A16F35 /* LaunchScreen.storyboard */,
				18740A3E24435BAC00A16F35 /* Info.plist */,
				18740A3824435BAC00A16F35 /* Preview Content */,
			);
			path = UITestingAndExamples;
			sourceTree = "<group>";
		};
		18740A3824435BAC00A16F35 /* Preview Content */ = {
			isa = PBXGroup;
			children = (
				18740A3924435BAC00A16F35 /* Preview Assets.xcassets */,
			);
			path = "Preview Content";
			sourceTree = "<group>";
		};
		18740A4624435BAC00A16F35 /* UITestingAndExamplesUITests */ = {
			isa = PBXGroup;
			children = (
				18740A4724435BAC00A16F35 /* UITestingAndExamplesUITests.swift */,
				18740A4924435BAC00A16F35 /* Info.plist */,
			);
			path = UITestingAndExamplesUITests;
			sourceTree = "<group>";
		};
/* End PBXGroup section */

/* Begin PBXNativeTarget section */
		18740A2C24435BAA00A16F35 /* UITestingAndExamples */ = {
			isa = PBXNativeTarget;
			buildConfigurationList = 18740A4C24435BAC00A16F35 /* Build configuration list for PBXNativeTarget "UITestingAndExamples" */;
			buildPhases = (
				18740A2924435BAA00A16F35 /* Sources */,
				18740A2A24435BAA00A16F35 /* Frameworks */,
				18740A2B24435BAA00A16F35 /* Resources */,
			);
			buildRules = (
			);
			dependencies = (
			);
			name = UITestingAndExamples;
			packageProductDependencies = (
				18740A5324435C7B00A16F35 /* EmptyState */,
			);
			productName = UITestingAndExamples;
			productReference = 18740A2D24435BAA00A16F35 /* UITestingAndExamples.app */;
			productType = "com.apple.product-type.application";
		};
		18740A4224435BAC00A16F35 /* UITestingAndExamplesUITests */ = {
			isa = PBXNativeTarget;
			buildConfigurationList = 18740A4F24435BAC00A16F35 /* Build configuration list for PBXNativeTarget "UITestingAndExamplesUITests" */;
			buildPhases = (
				18740A3F24435BAC00A16F35 /* Sources */,
				18740A4024435BAC00A16F35 /* Frameworks */,
				18740A4124435BAC00A16F35 /* Resources */,
			);
			buildRules = (
			);
			dependencies = (
				18740A4524435BAC00A16F35 /* PBXTargetDependency */,
			);
			name = UITestingAndExamplesUITests;
			productName = UITestingAndExamplesUITests;
			productReference = 18740A4324435BAC00A16F35 /* UITestingAndExamplesUITests.xctest */;
			productType = "com.apple.product-type.bundle.ui-testing";
		};
/* End PBXNativeTarget section */

/* Begin PBXProject section */
		18740A2524435BAA00A16F35 /* Project object */ = {
			isa = PBXProject;
			attributes = {
				LastSwiftUpdateCheck = 1140;
				LastUpgradeCheck = 1140;
				ORGANIZATIONNAME = RAISO;
				TargetAttributes = {
					18740A2C24435BAA00A16F35 = {
						CreatedOnToolsVersion = 11.4;
					};
					18740A4224435BAC00A16F35 = {
						CreatedOnToolsVersion = 11.4;
						TestTargetID = 18740A2C24435BAA00A16F35;
					};
				};
			};
			buildConfigurationList = 18740A2824435BAA00A16F35 /* Build configuration list for PBXProject "UITestingAndExamples" */;
			compatibilityVersion = "Xcode 9.3";
			developmentRegion = en;
			hasScannedForEncodings = 0;
			knownRegions = (
				en,
				Base,
			);
			mainGroup = 18740A2424435BAA00A16F35;
			packageReferences = (
				18740A5224435C7B00A16F35 /* XCRemoteSwiftPackageReference "EmptyState" */,
			);
			productRefGroup = 18740A2E24435BAA00A16F35 /* Products */;
			projectDirPath = "";
			projectRoot = "";
			targets = (
				18740A2C24435BAA00A16F35 /* UITestingAndExamples */,
				18740A4224435BAC00A16F35 /* UITestingAndExamplesUITests */,
			);
		};
/* End PBXProject section */

/* Begin PBXResourcesBuildPhase section */
		18740A2B24435BAA00A16F35 /* Resources */ = {
			isa = PBXResourcesBuildPhase;
			buildActionMask = 2147483647;
			files = (
				18740A3D24435BAC00A16F35 /* LaunchScreen.storyboard in Resources */,
				18740A3A24435BAC00A16F35 /* Preview Assets.xcassets in Resources */,
				18740A3724435BAC00A16F35 /* Assets.xcassets in Resources */,
			);
			runOnlyForDeploymentPostprocessing = 0;
		};
		18740A4124435BAC00A16F35 /* Resources */ = {
			isa = PBXResourcesBuildPhase;
			buildActionMask = 2147483647;
			files = (
			);
			runOnlyForDeploymentPostprocessing = 0;
		};
/* End PBXResourcesBuildPhase section */

/* Begin PBXSourcesBuildPhase section */
		18740A2924435BAA00A16F35 /* Sources */ = {
			isa = PBXSourcesBuildPhase;
			buildActionMask = 2147483647;
			files = (
				18740A3124435BAA00A16F35 /* AppDelegate.swift in Sources */,
				18740A3324435BAA00A16F35 /* SceneDelegate.swift in Sources */,
				18740A3524435BAA00A16F35 /* ContentView.swift in Sources */,
			);
			runOnlyForDeploymentPostprocessing = 0;
		};
		18740A3F24435BAC00A16F35 /* Sources */ = {
			isa = PBXSourcesBuildPhase;
			buildActionMask = 2147483647;
			files = (
				18740A4824435BAC00A16F35 /* UITestingAndExamplesUITests.swift in Sources */,
			);
			runOnlyForDeploymentPostprocessing = 0;
		};
/* End PBXSourcesBuildPhase section */

/* Begin PBXTargetDependency section */
		18740A4524435BAC00A16F35 /* PBXTargetDependency */ = {
			isa = PBXTargetDependency;
			target = 18740A2C24435BAA00A16F35 /* UITestingAndExamples */;
			targetProxy = 18740A4424435BAC00A16F35 /* PBXContainerItemProxy */;
		};
/* End PBXTargetDependency section */

/* Begin PBXVariantGroup section */
		18740A3B24435BAC00A16F35 /* LaunchScreen.storyboard */ = {
			isa = PBXVariantGroup;
			children = (
				18740A3C24435BAC00A16F35 /* Base */,
			);
			name = LaunchScreen.storyboard;
			sourceTree = "<group>";
		};
/* End PBXVariantGroup section */

/* Begin XCBuildConfiguration section */
		18740A4A24435BAC00A16F35 /* Debug */ = {
			isa = XCBuildConfiguration;
			buildSettings = {
				ALWAYS_SEARCH_USER_PATHS = NO;
				CLANG_ANALYZER_NONNULL = YES;
				CLANG_ANALYZER_NUMBER_OBJECT_CONVERSION = YES_AGGRESSIVE;
				CLANG_CXX_LANGUAGE_STANDARD = "gnu++14";
				CLANG_CXX_LIBRARY = "libc++";
				CLANG_ENABLE_MODULES = YES;
				CLANG_ENABLE_OBJC_ARC = YES;
				CLANG_ENABLE_OBJC_WEAK = YES;
				CLANG_WARN_BLOCK_CAPTURE_AUTORELEASING = YES;
				CLANG_WARN_BOOL_CONVERSION = YES;
				CLANG_WARN_COMMA = YES;
				CLANG_WARN_CONSTANT_CONVERSION = YES;
				CLANG_WARN_DEPRECATED_OBJC_IMPLEMENTATIONS = YES;
				CLANG_WARN_DIRECT_OBJC_ISA_USAGE = YES_ERROR;
				CLANG_WARN_DOCUMENTATION_COMMENTS = YES;
				CLANG_WARN_EMPTY_BODY = YES;
				CLANG_WARN_ENUM_CONVERSION = YES;
				CLANG_WARN_INFINITE_RECURSION = YES;
				CLANG_WARN_INT_CONVERSION = YES;
				CLANG_WARN_NON_LITERAL_NULL_CONVERSION = YES;
				CLANG_WARN_OBJC_IMPLICIT_RETAIN_SELF = YES;
				CLANG_WARN_OBJC_LITERAL_CONVERSION = YES;
				CLANG_WARN_OBJC_ROOT_CLASS = YES_ERROR;
				CLANG_WARN_RANGE_LOOP_ANALYSIS = YES;
				CLANG_WARN_STRICT_PROTOTYPES = YES;
				CLANG_WARN_SUSPICIOUS_MOVE = YES;
				CLANG_WARN_UNGUARDED_AVAILABILITY = YES_AGGRESSIVE;
				CLANG_WARN_UNREACHABLE_CODE = YES;
				CLANG_WARN__DUPLICATE_METHOD_MATCH = YES;
				COPY_PHASE_STRIP = NO;
				DEBUG_INFORMATION_FORMAT = dwarf;
				ENABLE_STRICT_OBJC_MSGSEND = YES;
				ENABLE_TESTABILITY = YES;
				GCC_C_LANGUAGE_STANDARD = gnu11;
				GCC_DYNAMIC_NO_PIC = NO;
				GCC_NO_COMMON_BLOCKS = YES;
				GCC_OPTIMIZATION_LEVEL = 0;
				GCC_PREPROCESSOR_DEFINITIONS = (
					"DEBUG=1",
					"$(inherited)",
				);
				GCC_WARN_64_TO_32_BIT_CONVERSION = YES;
				GCC_WARN_ABOUT_RETURN_TYPE = YES_ERROR;
				GCC_WARN_UNDECLARED_SELECTOR = YES;
				GCC_WARN_UNINITIALIZED_AUTOS = YES_AGGRESSIVE;
				GCC_WARN_UNUSED_FUNCTION = YES;
				GCC_WARN_UNUSED_VARIABLE = YES;
				IPHONEOS_DEPLOYMENT_TARGET = 13.4;
				MTL_ENABLE_DEBUG_INFO = INCLUDE_SOURCE;
				MTL_FAST_MATH = YES;
				ONLY_ACTIVE_ARCH = YES;
				SDKROOT = iphoneos;
				SWIFT_ACTIVE_COMPILATION_CONDITIONS = DEBUG;
				SWIFT_OPTIMIZATION_LEVEL = "-Onone";
			};
			name = Debug;
		};
		18740A4B24435BAC00A16F35 /* Release */ = {
			isa = XCBuildConfiguration;
			buildSettings = {
				ALWAYS_SEARCH_USER_PATHS = NO;
				CLANG_ANALYZER_NONNULL = YES;
				CLANG_ANALYZER_NUMBER_OBJECT_CONVERSION = YES_AGGRESSIVE;
				CLANG_CXX_LANGUAGE_STANDARD = "gnu++14";
				CLANG_CXX_LIBRARY = "libc++";
				CLANG_ENABLE_MODULES = YES;
				CLANG_ENABLE_OBJC_ARC = YES;
				CLANG_ENABLE_OBJC_WEAK = YES;
				CLANG_WARN_BLOCK_CAPTURE_AUTORELEASING = YES;
				CLANG_WARN_BOOL_CONVERSION = YES;
				CLANG_WARN_COMMA = YES;
				CLANG_WARN_CONSTANT_CONVERSION = YES;
				CLANG_WARN_DEPRECATED_OBJC_IMPLEMENTATIONS = YES;
				CLANG_WARN_DIRECT_OBJC_ISA_USAGE = YES_ERROR;
				CLANG_WARN_DOCUMENTATION_COMMENTS = YES;
				CLANG_WARN_EMPTY_BODY = YES;
				CLANG_WARN_ENUM_CONVERSION = YES;
				CLANG_WARN_INFINITE_RECURSION = YES;
				CLANG_WARN_INT_CONVERSION = YES;
				CLANG_WARN_NON_LITERAL_NULL_CONVERSION = YES;
				CLANG_WARN_OBJC_IMPLICIT_RETAIN_SELF = YES;
				CLANG_WARN_OBJC_LITERAL_CONVERSION = YES;
				CLANG_WARN_OBJC_ROOT_CLASS = YES_ERROR;
				CLANG_WARN_RANGE_LOOP_ANALYSIS = YES;
				CLANG_WARN_STRICT_PROTOTYPES = YES;
				CLANG_WARN_SUSPICIOUS_MOVE = YES;
				CLANG_WARN_UNGUARDED_AVAILABILITY = YES_AGGRESSIVE;
				CLANG_WARN_UNREACHABLE_CODE = YES;
				CLANG_WARN__DUPLICATE_METHOD_MATCH = YES;
				COPY_PHASE_STRIP = NO;
				DEBUG_INFORMATION_FORMAT = "dwarf-with-dsym";
				ENABLE_NS_ASSERTIONS = NO;
				ENABLE_STRICT_OBJC_MSGSEND = YES;
				GCC_C_LANGUAGE_STANDARD = gnu11;
				GCC_NO_COMMON_BLOCKS = YES;
				GCC_WARN_64_TO_32_BIT_CONVERSION = YES;
				GCC_WARN_ABOUT_RETURN_TYPE = YES_ERROR;
				GCC_WARN_UNDECLARED_SELECTOR = YES;
				GCC_WARN_UNINITIALIZED_AUTOS = YES_AGGRESSIVE;
				GCC_WARN_UNUSED_FUNCTION = YES;
				GCC_WARN_UNUSED_VARIABLE = YES;
				IPHONEOS_DEPLOYMENT_TARGET = 13.4;
				MTL_ENABLE_DEBUG_INFO = NO;
				MTL_FAST_MATH = YES;
				SDKROOT = iphoneos;
				SWIFT_COMPILATION_MODE = wholemodule;
				SWIFT_OPTIMIZATION_LEVEL = "-O";
				VALIDATE_PRODUCT = YES;
			};
			name = Release;
		};
		18740A4D24435BAC00A16F35 /* Debug */ = {
			isa = XCBuildConfiguration;
			buildSettings = {
				ASSETCATALOG_COMPILER_APPICON_NAME = AppIcon;
				CODE_SIGN_STYLE = Automatic;
				DEVELOPMENT_ASSET_PATHS = "\"UITestingAndExamples/Preview Content\"";
				DEVELOPMENT_TEAM = Z5DLXLSS2U;
				ENABLE_PREVIEWS = YES;
				INFOPLIST_FILE = UITestingAndExamples/Info.plist;
				LD_RUNPATH_SEARCH_PATHS = (
					"$(inherited)",
					"@executable_path/Frameworks",
				);
				PRODUCT_BUNDLE_IDENTIFIER = com.raiso.UITestingAndExamples;
				PRODUCT_NAME = "$(TARGET_NAME)";
				SWIFT_VERSION = 5.0;
				TARGETED_DEVICE_FAMILY = "1,2";
			};
			name = Debug;
		};
		18740A4E24435BAC00A16F35 /* Release */ = {
			isa = XCBuildConfiguration;
			buildSettings = {
				ASSETCATALOG_COMPILER_APPICON_NAME = AppIcon;
				CODE_SIGN_STYLE = Automatic;
				DEVELOPMENT_ASSET_PATHS = "\"UITestingAndExamples/Preview Content\"";
				DEVELOPMENT_TEAM = Z5DLXLSS2U;
				ENABLE_PREVIEWS = YES;
				INFOPLIST_FILE = UITestingAndExamples/Info.plist;
				LD_RUNPATH_SEARCH_PATHS = (
					"$(inherited)",
					"@executable_path/Frameworks",
				);
				PRODUCT_BUNDLE_IDENTIFIER = com.raiso.UITestingAndExamples;
				PRODUCT_NAME = "$(TARGET_NAME)";
				SWIFT_VERSION = 5.0;
				TARGETED_DEVICE_FAMILY = "1,2";
			};
			name = Release;
		};
		18740A5024435BAC00A16F35 /* Debug */ = {
			isa = XCBuildConfiguration;
			buildSettings = {
				ALWAYS_EMBED_SWIFT_STANDARD_LIBRARIES = YES;
				CODE_SIGN_STYLE = Automatic;
				DEVELOPMENT_TEAM = Z5DLXLSS2U;
				INFOPLIST_FILE = UITestingAndExamplesUITests/Info.plist;
				LD_RUNPATH_SEARCH_PATHS = (
					"$(inherited)",
					"@executable_path/Frameworks",
					"@loader_path/Frameworks",
				);
				PRODUCT_BUNDLE_IDENTIFIER = com.raiso.UITestingAndExamplesUITests;
				PRODUCT_NAME = "$(TARGET_NAME)";
				SWIFT_VERSION = 5.0;
				TARGETED_DEVICE_FAMILY = "1,2";
				TEST_TARGET_NAME = UITestingAndExamples;
			};
			name = Debug;
		};
		18740A5124435BAC00A16F35 /* Release */ = {
			isa = XCBuildConfiguration;
			buildSettings = {
				ALWAYS_EMBED_SWIFT_STANDARD_LIBRARIES = YES;
				CODE_SIGN_STYLE = Automatic;
				DEVELOPMENT_TEAM = Z5DLXLSS2U;
				INFOPLIST_FILE = UITestingAndExamplesUITests/Info.plist;
				LD_RUNPATH_SEARCH_PATHS = (
					"$(inherited)",
					"@executable_path/Frameworks",
					"@loader_path/Frameworks",
				);
				PRODUCT_BUNDLE_IDENTIFIER = com.raiso.UITestingAndExamplesUITests;
				PRODUCT_NAME = "$(TARGET_NAME)";
				SWIFT_VERSION = 5.0;
				TARGETED_DEVICE_FAMILY = "1,2";
				TEST_TARGET_NAME = UITestingAndExamples;
			};
			name = Release;
		};
/* End XCBuildConfiguration section */

/* Begin XCConfigurationList section */
		18740A2824435BAA00A16F35 /* Build configuration list for PBXProject "UITestingAndExamples" */ = {
			isa = XCConfigurationList;
			buildConfigurations = (
				18740A4A24435BAC00A16F35 /* Debug */,
				18740A4B24435BAC00A16F35 /* Release */,
			);
			defaultConfigurationIsVisible = 0;
			defaultConfigurationName = Release;
		};
		18740A4C24435BAC00A16F35 /* Build configuration list for PBXNativeTarget "UITestingAndExamples" */ = {
			isa = XCConfigurationList;
			buildConfigurations = (
				18740A4D24435BAC00A16F35 /* Debug */,
				18740A4E24435BAC00A16F35 /* Release */,
			);
			defaultConfigurationIsVisible = 0;
			defaultConfigurationName = Release;
		};
		18740A4F24435BAC00A16F35 /* Build configuration list for PBXNativeTarget "UITestingAndExamplesUITests" */ = {
			isa = XCConfigurationList;
			buildConfigurations = (
				18740A5024435BAC00A16F35 /* Debug */,
				18740A5124435BAC00A16F35 /* Release */,
			);
			defaultConfigurationIsVisible = 0;
			defaultConfigurationName = Release;
		};
/* End XCConfigurationList section */

/* Begin XCRemoteSwiftPackageReference section */
		18740A5224435C7B00A16F35 /* XCRemoteSwiftPackageReference "EmptyState" */ = {
			isa = XCRemoteSwiftPackageReference;
			repositoryURL = "https://github.com/yosshi4486/EmptyState.git";
			requirement = {
				branch = master;
				kind = branch;
			};
		};
/* End XCRemoteSwiftPackageReference section */

/* Begin XCSwiftPackageProductDependency section */
		18740A5324435C7B00A16F35 /* EmptyState */ = {
			isa = XCSwiftPackageProductDependency;
			package = 18740A5224435C7B00A16F35 /* XCRemoteSwiftPackageReference "EmptyState" */;
			productName = EmptyState;
		};
/* End XCSwiftPackageProductDependency section */
	};
	rootObject = 18740A2524435BAA00A16F35 /* Project object */;
}
